// !$*UTF8*$!
{
	archiveVersion = 1;
	classes = {
	};
	objectVersion = 50;
	objects = {

/* Begin PBXBuildFile section */
		A421CCB922A88ECE0042494C /* AppDelegate.swift in Sources */ = {isa = PBXBuildFile; fileRef = A421CCB822A88ECE0042494C /* AppDelegate.swift */; };
		A421CCBB22A88ECE0042494C /* ViewController.swift in Sources */ = {isa = PBXBuildFile; fileRef = A421CCBA22A88ECE0042494C /* ViewController.swift */; };
		A421CCBE22A88ECE0042494C /* Main.storyboard in Resources */ = {isa = PBXBuildFile; fileRef = A421CCBC22A88ECE0042494C /* Main.storyboard */; };
		A421CCC022A88ECF0042494C /* Assets.xcassets in Resources */ = {isa = PBXBuildFile; fileRef = A421CCBF22A88ECF0042494C /* Assets.xcassets */; };
		A421CCC322A88ECF0042494C /* LaunchScreen.storyboard in Resources */ = {isa = PBXBuildFile; fileRef = A421CCC122A88ECF0042494C /* LaunchScreen.storyboard */; };
		A421CCCE22A895FD0042494C /* QuizViewController.swift in Sources */ = {isa = PBXBuildFile; fileRef = A421CCCD22A895FD0042494C /* QuizViewController.swift */; };
		A421CCD022A896170042494C /* ResultViewController.swift in Sources */ = {isa = PBXBuildFile; fileRef = A421CCCF22A896170042494C /* ResultViewController.swift */; };
		A421CCD222A898390042494C /* Quiz.swift in Sources */ = {isa = PBXBuildFile; fileRef = A421CCD122A898390042494C /* Quiz.swift */; };
		A421CCD422A8985F0042494C /* QuizManager.swift in Sources */ = {isa = PBXBuildFile; fileRef = A421CCD322A8985F0042494C /* QuizManager.swift */; };
/* End PBXBuildFile section */

/* Begin PBXFileReference section */
		A421CCB522A88ECE0042494C /* SwiftQuiz.app */ = {isa = PBXFileReference; explicitFileType = wrapper.application; includeInIndex = 0; path = SwiftQuiz.app; sourceTree = BUILT_PRODUCTS_DIR; };
		A421CCB822A88ECE0042494C /* AppDelegate.swift */ = {isa = PBXFileReference; lastKnownFileType = sourcecode.swift; path = AppDelegate.swift; sourceTree = "<group>"; };
		A421CCBA22A88ECE0042494C /* ViewController.swift */ = {isa = PBXFileReference; lastKnownFileType = sourcecode.swift; path = ViewController.swift; sourceTree = "<group>"; };
		A421CCBD22A88ECE0042494C /* Base */ = {isa = PBXFileReference; lastKnownFileType = file.storyboard; name = Base; path = Base.lproj/Main.storyboard; sourceTree = "<group>"; };
		A421CCBF22A88ECF0042494C /* Assets.xcassets */ = {isa = PBXFileReference; lastKnownFileType = folder.assetcatalog; path = Assets.xcassets; sourceTree = "<group>"; };
		A421CCC222A88ECF0042494C /* Base */ = {isa = PBXFileReference; lastKnownFileType = file.storyboard; name = Base; path = Base.lproj/LaunchScreen.storyboard; sourceTree = "<group>"; };
		A421CCC422A88ECF0042494C /* Info.plist */ = {isa = PBXFileReference; lastKnownFileType = text.plist.xml; path = Info.plist; sourceTree = "<group>"; };
		A421CCCD22A895FD0042494C /* QuizViewController.swift */ = {isa = PBXFileReference; lastKnownFileType = sourcecode.swift; path = QuizViewController.swift; sourceTree = "<group>"; };
		A421CCCF22A896170042494C /* ResultViewController.swift */ = {isa = PBXFileReference; lastKnownFileType = sourcecode.swift; path = ResultViewController.swift; sourceTree = "<group>"; };
		A421CCD122A898390042494C /* Quiz.swift */ = {isa = PBXFileReference; lastKnownFileType = sourcecode.swift; path = Quiz.swift; sourceTree = "<group>"; };
		A421CCD322A8985F0042494C /* QuizManager.swift */ = {isa = PBXFileReference; lastKnownFileType = sourcecode.swift; path = QuizManager.swift; sourceTree = "<group>"; };
/* End PBXFileReference section */

/* Begin PBXFrameworksBuildPhase section */
		A421CCB222A88ECE0042494C /* Frameworks */ = {
			isa = PBXFrameworksBuildPhase;
			buildActionMask = 2147483647;
			files = (
			);
			runOnlyForDeploymentPostprocessing = 0;
		};
/* End PBXFrameworksBuildPhase section */

/* Begin PBXGroup section */
		A421CCAC22A88ECE0042494C = {
			isa = PBXGroup;
			children = (
				A421CCB722A88ECE0042494C /* SwiftQuiz */,
				A421CCB622A88ECE0042494C /* Products */,
			);
			sourceTree = "<group>";
		};
		A421CCB622A88ECE0042494C /* Products */ = {
			isa = PBXGroup;
			children = (
				A421CCB522A88ECE0042494C /* SwiftQuiz.app */,
			);
			name = Products;
			sourceTree = "<group>";
		};
		A421CCB722A88ECE0042494C /* SwiftQuiz */ = {
			isa = PBXGroup;
			children = (
				A421CCB822A88ECE0042494C /* AppDelegate.swift */,
				A421CCBA22A88ECE0042494C /* ViewController.swift */,
				A421CCBC22A88ECE0042494C /* Main.storyboard */,
				A421CCD122A898390042494C /* Quiz.swift */,
				A421CCD322A8985F0042494C /* QuizManager.swift */,
				A421CCBF22A88ECF0042494C /* Assets.xcassets */,
				A421CCC122A88ECF0042494C /* LaunchScreen.storyboard */,
				A421CCC422A88ECF0042494C /* Info.plist */,
				A421CCCD22A895FD0042494C /* QuizViewController.swift */,
				A421CCCF22A896170042494C /* ResultViewController.swift */,
			);
			path = SwiftQuiz;
			sourceTree = "<group>";
		};
/* End PBXGroup section */

/* Begin PBXNativeTarget section */
		A421CCB422A88ECE0042494C /* SwiftQuiz */ = {
			isa = PBXNativeTarget;
			buildConfigurationList = A421CCC722A88ECF0042494C /* Build configuration list for PBXNativeTarget "SwiftQuiz" */;
			buildPhases = (
				A421CCB122A88ECE0042494C /* Sources */,
				A421CCB222A88ECE0042494C /* Frameworks */,
				A421CCB322A88ECE0042494C /* Resources */,
			);
			buildRules = (
			);
			dependencies = (
			);
			name = SwiftQuiz;
			productName = SwiftQuiz;
			productReference = A421CCB522A88ECE0042494C /* SwiftQuiz.app */;
			productType = "com.apple.product-type.application";
		};
/* End PBXNativeTarget section */

/* Begin PBXProject section */
		A421CCAD22A88ECE0042494C /* Project object */ = {
			isa = PBXProject;
			attributes = {
				LastSwiftUpdateCheck = 1010;
				LastUpgradeCheck = 1010;
				ORGANIZATIONNAME = gui;
				TargetAttributes = {
					A421CCB422A88ECE0042494C = {
						CreatedOnToolsVersion = 10.1;
					};
				};
			};
			buildConfigurationList = A421CCB022A88ECE0042494C /* Build configuration list for PBXProject "SwiftQuiz" */;
			compatibilityVersion = "Xcode 9.3";
			developmentRegion = en;
			hasScannedForEncodings = 0;
			knownRegions = (
				en,
				Base,
			);
			mainGroup = A421CCAC22A88ECE0042494C;
			productRefGroup = A421CCB622A88ECE0042494C /* Products */;
			projectDirPath = "";
			projectRoot = "";
			targets = (
				A421CCB422A88ECE0042494C /* SwiftQuiz */,
			);
		};
/* End PBXProject section */

/* Begin PBXResourcesBuildPhase section */
		A421CCB322A88ECE0042494C /* Resources */ = {
			isa = PBXResourcesBuildPhase;
			buildActionMask = 2147483647;
			files = (
				A421CCC322A88ECF0042494C /* LaunchScreen.storyboard in Resources */,
				A421CCC022A88ECF0042494C /* Assets.xcassets in Resources */,
				A421CCBE22A88ECE0042494C /* Main.storyboard in Resources */,
			);
			runOnlyForDeploymentPostprocessing = 0;
		};
/* End PBXResourcesBuildPhase section */

/* Begin PBXSourcesBuildPhase section */
		A421CCB122A88ECE0042494C /* Sources */ = {
			isa = PBXSourcesBuildPhase;
			buildActionMask = 2147483647;
			files = (
				A421CCCE22A895FD0042494C /* QuizViewController.swift in Sources */,
				A421CCD222A898390042494C /* Quiz.swift in Sources */,
				A421CCBB22A88ECE0042494C /* ViewController.swift in Sources */,
				A421CCB922A88ECE0042494C /* AppDelegate.swift in Sources */,
				A421CCD422A8985F0042494C /* QuizManager.swift in Sources */,
				A421CCD022A896170042494C /* ResultViewController.swift in Sources */,
			);
			runOnlyForDeploymentPostprocessing = 0;
		};
/* End PBXSourcesBuildPhase section */

/* Begin PBXVariantGroup section */
		A421CCBC22A88ECE0042494C /* Main.storyboard */ = {
			isa = PBXVariantGroup;
			children = (
				A421CCBD22A88ECE0042494C /* Base */,
			);
			name = Main.storyboard;
			sourceTree = "<group>";
		};
		A421CCC122A88ECF0042494C /* LaunchScreen.storyboard */ = {
			isa = PBXVariantGroup;
			children = (
				A421CCC222A88ECF0042494C /* Base */,
			);
			name = LaunchScreen.storyboard;
			sourceTree = "<group>";
		};
/* End PBXVariantGroup section */

/* Begin XCBuildConfiguration section */
		A421CCC522A88ECF0042494C /* Debug */ = {
			isa = XCBuildConfiguration;
			buildSettings = {
				ALWAYS_SEARCH_USER_PATHS = NO;
				CLANG_ANALYZER_NONNULL = YES;
				CLANG_ANALYZER_NUMBER_OBJECT_CONVERSION = YES_AGGRESSIVE;
				CLANG_CXX_LANGUAGE_STANDARD = "gnu++14";
				CLANG_CXX_LIBRARY = "libc++";
				CLANG_ENABLE_MODULES = YES;
				CLANG_ENABLE_OBJC_ARC = YES;
				CLANG_ENABLE_OBJC_WEAK = YES;
				CLANG_WARN_BLOCK_CAPTURE_AUTORELEASING = YES;
				CLANG_WARN_BOOL_CONVERSION = YES;
				CLANG_WARN_COMMA = YES;
				CLANG_WARN_CONSTANT_CONVERSION = YES;
				CLANG_WARN_DEPRECATED_OBJC_IMPLEMENTATIONS = YES;
				CLANG_WARN_DIRECT_OBJC_ISA_USAGE = YES_ERROR;
				CLANG_WARN_DOCUMENTATION_COMMENTS = YES;
				CLANG_WARN_EMPTY_BODY = YES;
				CLANG_WARN_ENUM_CONVERSION = YES;
				CLANG_WARN_INFINITE_RECURSION = YES;
				CLANG_WARN_INT_CONVERSION = YES;
				CLANG_WARN_NON_LITERAL_NULL_CONVERSION = YES;
				CLANG_WARN_OBJC_IMPLICIT_RETAIN_SELF = YES;
				CLANG_WARN_OBJC_LITERAL_CONVERSION = YES;
				CLANG_WARN_OBJC_ROOT_CLASS = YES_ERROR;
				CLANG_WARN_RANGE_LOOP_ANALYSIS = YES;
				CLANG_WARN_STRICT_PROTOTYPES = YES;
				CLANG_WARN_SUSPICIOUS_MOVE = YES;
				CLANG_WARN_UNGUARDED_AVAILABILITY = YES_AGGRESSIVE;
				CLANG_WARN_UNREACHABLE_CODE = YES;
				CLANG_WARN__DUPLICATE_METHOD_MATCH = YES;
				CODE_SIGN_IDENTITY = "iPhone Developer";
				COPY_PHASE_STRIP = NO;
				DEBUG_INFORMATION_FORMAT = dwarf;
				ENABLE_STRICT_OBJC_MSGSEND = YES;
				ENABLE_TESTABILITY = YES;
				GCC_C_LANGUAGE_STANDARD = gnu11;
				GCC_DYNAMIC_NO_PIC = NO;
				GCC_NO_COMMON_BLOCKS = YES;
				GCC_OPTIMIZATION_LEVEL = 0;
				GCC_PREPROCESSOR_DEFINITIONS = (
					"DEBUG=1",
					"$(inherited)",
				);
				GCC_WARN_64_TO_32_BIT_CONVERSION = YES;
				GCC_WARN_ABOUT_RETURN_TYPE = YES_ERROR;
				GCC_WARN_UNDECLARED_SELECTOR = YES;
				GCC_WARN_UNINITIALIZED_AUTOS = YES_AGGRESSIVE;
				GCC_WARN_UNUSED_FUNCTION = YES;
				GCC_WARN_UNUSED_VARIABLE = YES;
				IPHONEOS_DEPLOYMENT_TARGET = 12.1;
				MTL_ENABLE_DEBUG_INFO = INCLUDE_SOURCE;
				MTL_FAST_MATH = YES;
				ONLY_ACTIVE_ARCH = YES;
				SDKROOT = iphoneos;
				SWIFT_ACTIVE_COMPILATION_CONDITIONS = DEBUG;
				SWIFT_OPTIMIZATION_LEVEL = "-Onone";
			};
			name = Debug;
		};
		A421CCC622A88ECF0042494C /* Release */ = {
			isa = XCBuildConfiguration;
			buildSettings = {
				ALWAYS_SEARCH_USER_PATHS = NO;
				CLANG_ANALYZER_NONNULL = YES;
				CLANG_ANALYZER_NUMBER_OBJECT_CONVERSION = YES_AGGRESSIVE;
				CLANG_CXX_LANGUAGE_STANDARD = "gnu++14";
				CLANG_CXX_LIBRARY = "libc++";
				CLANG_ENABLE_MODULES = YES;
				CLANG_ENABLE_OBJC_ARC = YES;
				CLANG_ENABLE_OBJC_WEAK = YES;
				CLANG_WARN_BLOCK_CAPTURE_AUTORELEASING = YES;
				CLANG_WARN_BOOL_CONVERSION = YES;
				CLANG_WARN_COMMA = YES;
				CLANG_WARN_CONSTANT_CONVERSION = YES;
				CLANG_WARN_DEPRECATED_OBJC_IMPLEMENTATIONS = YES;
				CLANG_WARN_DIRECT_OBJC_ISA_USAGE = YES_ERROR;
				CLANG_WARN_DOCUMENTATION_COMMENTS = YES;
				CLANG_WARN_EMPTY_BODY = YES;
				CLANG_WARN_ENUM_CONVERSION = YES;
				CLANG_WARN_INFINITE_RECURSION = YES;
				CLANG_WARN_INT_CONVERSION = YES;
				CLANG_WARN_NON_LITERAL_NULL_CONVERSION = YES;
				CLANG_WARN_OBJC_IMPLICIT_RETAIN_SELF = YES;
				CLANG_WARN_OBJC_LITERAL_CONVERSION = YES;
				CLANG_WARN_OBJC_ROOT_CLASS = YES_ERROR;
				CLANG_WARN_RANGE_LOOP_ANALYSIS = YES;
				CLANG_WARN_STRICT_PROTOTYPES = YES;
				CLANG_WARN_SUSPICIOUS_MOVE = YES;
				CLANG_WARN_UNGUARDED_AVAILABILITY = YES_AGGRESSIVE;
				CLANG_WARN_UNREACHABLE_CODE = YES;
				CLANG_WARN__DUPLICATE_METHOD_MATCH = YES;
				CODE_SIGN_IDENTITY = "iPhone Developer";
				COPY_PHASE_STRIP = NO;
				DEBUG_INFORMATION_FORMAT = "dwarf-with-dsym";
				ENABLE_NS_ASSERTIONS = NO;
				ENABLE_STRICT_OBJC_MSGSEND = YES;
				GCC_C_LANGUAGE_STANDARD = gnu11;
				GCC_NO_COMMON_BLOCKS = YES;
				GCC_WARN_64_TO_32_BIT_CONVERSION = YES;
				GCC_WARN_ABOUT_RETURN_TYPE = YES_ERROR;
				GCC_WARN_UNDECLARED_SELECTOR = YES;
				GCC_WARN_UNINITIALIZED_AUTOS = YES_AGGRESSIVE;
				GCC_WARN_UNUSED_FUNCTION = YES;
				GCC_WARN_UNUSED_VARIABLE = YES;
				IPHONEOS_DEPLOYMENT_TARGET = 12.1;
				MTL_ENABLE_DEBUG_INFO = NO;
				MTL_FAST_MATH = YES;
				SDKROOT = iphoneos;
				SWIFT_COMPILATION_MODE = wholemodule;
				SWIFT_OPTIMIZATION_LEVEL = "-O";
				VALIDATE_PRODUCT = YES;
			};
			name = Release;
		};
		A421CCC822A88ECF0042494C /* Debug */ = {
			isa = XCBuildConfiguration;
			buildSettings = {
				ASSETCATALOG_COMPILER_APPICON_NAME = AppIcon;
				CODE_SIGN_STYLE = Automatic;
				DEVELOPMENT_TEAM = 57NL6ZK6Y6;
				INFOPLIST_FILE = SwiftQuiz/Info.plist;
				LD_RUNPATH_SEARCH_PATHS = (
					"$(inherited)",
					"@executable_path/Frameworks",
				);
				PRODUCT_BUNDLE_IDENTIFIER = "Casa-do-gui.SwiftQuiz";
				PRODUCT_NAME = "$(TARGET_NAME)";
				SWIFT_VERSION = 4.2;
				TARGETED_DEVICE_FAMILY = "1,2";
			};
			name = Debug;
		};
		A421CCC922A88ECF0042494C /* Release */ = {
			isa = XCBuildConfiguration;
			buildSettings = {
				ASSETCATALOG_COMPILER_APPICON_NAME = AppIcon;
				CODE_SIGN_STYLE = Automatic;
				DEVELOPMENT_TEAM = 57NL6ZK6Y6;
				INFOPLIST_FILE = SwiftQuiz/Info.plist;
				LD_RUNPATH_SEARCH_PATHS = (
					"$(inherited)",
					"@executable_path/Frameworks",
				);
				PRODUCT_BUNDLE_IDENTIFIER = "Casa-do-gui.SwiftQuiz";
				PRODUCT_NAME = "$(TARGET_NAME)";
				SWIFT_VERSION = 4.2;
				TARGETED_DEVICE_FAMILY = "1,2";
			};
			name = Release;
		};
/* End XCBuildConfiguration section */

/* Begin XCConfigurationList section */
		A421CCB022A88ECE0042494C /* Build configuration list for PBXProject "SwiftQuiz" */ = {
			isa = XCConfigurationList;
			buildConfigurations = (
				A421CCC522A88ECF0042494C /* Debug */,
				A421CCC622A88ECF0042494C /* Release */,
			);
			defaultConfigurationIsVisible = 0;
			defaultConfigurationName = Release;
		};
		A421CCC722A88ECF0042494C /* Build configuration list for PBXNativeTarget "SwiftQuiz" */ = {
			isa = XCConfigurationList;
			buildConfigurations = (
				A421CCC822A88ECF0042494C /* Debug */,
				A421CCC922A88ECF0042494C /* Release */,
			);
			defaultConfigurationIsVisible = 0;
			defaultConfigurationName = Release;
		};
/* End XCConfigurationList section */
	};
	rootObject = A421CCAD22A88ECE0042494C /* Project object */;
}
